
Microsoft Visual Studio Solution File, Format Version 12.00
# Visual Studio Version 16
VisualStudioVersion = 16.0.30907.101
MinimumVisualStudioVersion = 10.0.40219.1
Project("{FAE04EC0-301F-11D3-BF4B-00C04F79EFBC}") = "MyChess", "MyChess\MyChess.csproj", "{4737633A-00F4-48C5-99AD-7AE4A5B63553}"
EndProject
Project("{FAE04EC0-301F-11D3-BF4B-00C04F79EFBC}") = "MyChessTests", "MyChessTests\MyChessTests.csproj", "{28FA75D8-AA9D-4BC5-A2CB-5A33B2F00E6B}"
EndProject
Global
	GlobalSection(SolutionConfigurationPlatforms) = preSolution
		Debug|Any CPU = Debug|Any CPU
		Release|Any CPU = Release|Any CPU
	EndGlobalSection
	GlobalSection(ProjectConfigurationPlatforms) = postSolution
		{4737633A-00F4-48C5-99AD-7AE4A5B63553}.Debug|Any CPU.ActiveCfg = Debug|Any CPU
		{4737633A-00F4-48C5-99AD-7AE4A5B63553}.Debug|Any CPU.Build.0 = Debug|Any CPU
		{4737633A-00F4-48C5-99AD-7AE4A5B63553}.Release|Any CPU.ActiveCfg = Release|Any CPU
		{4737633A-00F4-48C5-99AD-7AE4A5B63553}.Release|Any CPU.Build.0 = Release|Any CPU
		{28FA75D8-AA9D-4BC5-A2CB-5A33B2F00E6B}.Debug|Any CPU.ActiveCfg = Debug|Any CPU
		{28FA75D8-AA9D-4BC5-A2CB-5A33B2F00E6B}.Debug|Any CPU.Build.0 = Debug|Any CPU
		{28FA75D8-AA9D-4BC5-A2CB-5A33B2F00E6B}.Release|Any CPU.ActiveCfg = Release|Any CPU
		{28FA75D8-AA9D-4BC5-A2CB-5A33B2F00E6B}.Release|Any CPU.Build.0 = Release|Any CPU
	EndGlobalSection
	GlobalSection(SolutionProperties) = preSolution
		HideSolutionNode = FALSE
	EndGlobalSection
	GlobalSection(ExtensibilityGlobals) = postSolution
		SolutionGuid = {4CAD541B-2BF4-4807-9292-03524EF7F78F}
	EndGlobalSection
EndGlobal
